
Microsoft Visual Studio Solution File, Format Version 12.00
# Visual Studio Version 16
VisualStudioVersion = 16.0.28407.52
MinimumVisualStudioVersion = 10.0.40219.1
Project("{9A19103F-16F7-4668-BE54-9A1E7A4F7556}") = "doCloud", "doCloud.csproj", "{DAAD2DE6-B1FF-4C69-B684-9C02E9593F72}"
EndProject
Global
	GlobalSection(SolutionConfigurationPlatforms) = preSolution
		Debug|Any CPU = Debug|Any CPU
		Release|Any CPU = Release|Any CPU
	EndGlobalSection
	GlobalSection(ProjectConfigurationPlatforms) = postSolution
		{DAAD2DE6-B1FF-4C69-B684-9C02E9593F72}.Debug|Any CPU.ActiveCfg = Debug|Any CPU
		{DAAD2DE6-B1FF-4C69-B684-9C02E9593F72}.Debug|Any CPU.Build.0 = Debug|Any CPU
		{DAAD2DE6-B1FF-4C69-B684-9C02E9593F72}.Release|Any CPU.ActiveCfg = Release|Any CPU
		{DAAD2DE6-B1FF-4C69-B684-9C02E9593F72}.Release|Any CPU.Build.0 = Release|Any CPU
	EndGlobalSection
	GlobalSection(SolutionProperties) = preSolution
		HideSolutionNode = FALSE
	EndGlobalSection
	GlobalSection(ExtensibilityGlobals) = postSolution
		SolutionGuid = {6E2E2BD9-4CF2-420A-9B27-71428B07EF6C}
	EndGlobalSection
EndGlobal
